
Microsoft Visual Studio Solution File, Format Version 12.00
# Visual Studio Version 17
VisualStudioVersion = 17.9.34622.214
MinimumVisualStudioVersion = 10.0.40219.1
Project("{FAE04EC0-301F-11D3-BF4B-00C04F79EFBC}") = "desafio1", "desafio1.csproj", "{B4B9D4B3-AFAF-41C2-90BC-5FF7EDE104DE}"
EndProject
Global
	GlobalSection(SolutionConfigurationPlatforms) = preSolution
		Debug|Any CPU = Debug|Any CPU
		Release|Any CPU = Release|Any CPU
	EndGlobalSection
	GlobalSection(ProjectConfigurationPlatforms) = postSolution
		{B4B9D4B3-AFAF-41C2-90BC-5FF7EDE104DE}.Debug|Any CPU.ActiveCfg = Debug|Any CPU
		{B4B9D4B3-AFAF-41C2-90BC-5FF7EDE104DE}.Debug|Any CPU.Build.0 = Debug|Any CPU
		{B4B9D4B3-AFAF-41C2-90BC-5FF7EDE104DE}.Release|Any CPU.ActiveCfg = Release|Any CPU
		{B4B9D4B3-AFAF-41C2-90BC-5FF7EDE104DE}.Release|Any CPU.Build.0 = Release|Any CPU
	EndGlobalSection
	GlobalSection(SolutionProperties) = preSolution
		HideSolutionNode = FALSE
	EndGlobalSection
	GlobalSection(ExtensibilityGlobals) = postSolution
		SolutionGuid = {E26D5E33-D74B-46ED-A746-2F6268E4F7FC}
	EndGlobalSection
EndGlobal
